// !$*UTF8*$!
{
	archiveVersion = 1;
	classes = {
	};
	objectVersion = 56;
	objects = {

/* Begin PBXBuildFile section */
		A331944F2B7D1C030053B506 /* EarthquakesTests.swift in Sources */ = {isa = PBXBuildFile; fileRef = A331944E2B7D1C030053B506 /* EarthquakesTests.swift */; };
		A33194582B7D1EC50053B506 /* GeoJSON.swift in Sources */ = {isa = PBXBuildFile; fileRef = A33194572B7D1EC50053B506 /* GeoJSON.swift */; };
		A331945A2B7D22960053B506 /* QuakeLocation.swift in Sources */ = {isa = PBXBuildFile; fileRef = A33194592B7D22960053B506 /* QuakeLocation.swift */; };
		A331945C2B7D29A90053B506 /* HTTPDataDownloader.swift in Sources */ = {isa = PBXBuildFile; fileRef = A331945B2B7D29A90053B506 /* HTTPDataDownloader.swift */; };
		A331945E2B7D2B530053B506 /* QuakeClient.swift in Sources */ = {isa = PBXBuildFile; fileRef = A331945D2B7D2B530053B506 /* QuakeClient.swift */; };
		A331945F2B7D2C340053B506 /* TestData.swift in Sources */ = {isa = PBXBuildFile; fileRef = A33194552B7D1C810053B506 /* TestData.swift */; };
		A33194622B7D2C590053B506 /* TestDownloader.swift in Sources */ = {isa = PBXBuildFile; fileRef = A33194612B7D2C590053B506 /* TestDownloader.swift */; };
		A33194672B7D2EBE0053B506 /* QuakesProvider.swift in Sources */ = {isa = PBXBuildFile; fileRef = A33194662B7D2EBE0053B506 /* QuakesProvider.swift */; };
		A3FF86192B7D18140059BAFF /* EarthquakesApp.swift in Sources */ = {isa = PBXBuildFile; fileRef = A3FF86182B7D18140059BAFF /* EarthquakesApp.swift */; };
		A3FF861B2B7D18140059BAFF /* QuakesView.swift in Sources */ = {isa = PBXBuildFile; fileRef = A3FF861A2B7D18140059BAFF /* QuakesView.swift */; };
		A3FF861D2B7D18150059BAFF /* Assets.xcassets in Resources */ = {isa = PBXBuildFile; fileRef = A3FF861C2B7D18150059BAFF /* Assets.xcassets */; };
		A3FF86202B7D18150059BAFF /* Preview Assets.xcassets in Resources */ = {isa = PBXBuildFile; fileRef = A3FF861F2B7D18150059BAFF /* Preview Assets.xcassets */; };
		A3FF86272B7D182B0059BAFF /* Quake.swift in Sources */ = {isa = PBXBuildFile; fileRef = A3FF86262B7D182B0059BAFF /* Quake.swift */; };
		A3FF86292B7D19DB0059BAFF /* QuakeError.swift in Sources */ = {isa = PBXBuildFile; fileRef = A3FF86282B7D19DB0059BAFF /* QuakeError.swift */; };
/* End PBXBuildFile section */

/* Begin PBXContainerItemProxy section */
		A33194502B7D1C030053B506 /* PBXContainerItemProxy */ = {
			isa = PBXContainerItemProxy;
			containerPortal = A3FF860D2B7D18140059BAFF /* Project object */;
			proxyType = 1;
			remoteGlobalIDString = A3FF86142B7D18140059BAFF;
			remoteInfo = Earthquakes;
		};
/* End PBXContainerItemProxy section */

/* Begin PBXFileReference section */
		A331944C2B7D1C030053B506 /* EarthquakesTests.xctest */ = {isa = PBXFileReference; explicitFileType = wrapper.cfbundle; includeInIndex = 0; path = EarthquakesTests.xctest; sourceTree = BUILT_PRODUCTS_DIR; };
		A331944E2B7D1C030053B506 /* EarthquakesTests.swift */ = {isa = PBXFileReference; lastKnownFileType = sourcecode.swift; path = EarthquakesTests.swift; sourceTree = "<group>"; };
		A33194552B7D1C810053B506 /* TestData.swift */ = {isa = PBXFileReference; lastKnownFileType = sourcecode.swift; path = TestData.swift; sourceTree = "<group>"; };
		A33194572B7D1EC50053B506 /* GeoJSON.swift */ = {isa = PBXFileReference; lastKnownFileType = sourcecode.swift; path = GeoJSON.swift; sourceTree = "<group>"; };
		A33194592B7D22960053B506 /* QuakeLocation.swift */ = {isa = PBXFileReference; lastKnownFileType = sourcecode.swift; path = QuakeLocation.swift; sourceTree = "<group>"; };
		A331945B2B7D29A90053B506 /* HTTPDataDownloader.swift */ = {isa = PBXFileReference; lastKnownFileType = sourcecode.swift; path = HTTPDataDownloader.swift; sourceTree = "<group>"; };
		A331945D2B7D2B530053B506 /* QuakeClient.swift */ = {isa = PBXFileReference; lastKnownFileType = sourcecode.swift; path = QuakeClient.swift; sourceTree = "<group>"; };
		A33194612B7D2C590053B506 /* TestDownloader.swift */ = {isa = PBXFileReference; lastKnownFileType = sourcecode.swift; path = TestDownloader.swift; sourceTree = "<group>"; };
		A33194662B7D2EBE0053B506 /* QuakesProvider.swift */ = {isa = PBXFileReference; lastKnownFileType = sourcecode.swift; path = QuakesProvider.swift; sourceTree = "<group>"; };
		A3FF86152B7D18140059BAFF /* Earthquakes.app */ = {isa = PBXFileReference; explicitFileType = wrapper.application; includeInIndex = 0; path = Earthquakes.app; sourceTree = BUILT_PRODUCTS_DIR; };
		A3FF86182B7D18140059BAFF /* EarthquakesApp.swift */ = {isa = PBXFileReference; lastKnownFileType = sourcecode.swift; path = EarthquakesApp.swift; sourceTree = "<group>"; };
		A3FF861A2B7D18140059BAFF /* QuakesView.swift */ = {isa = PBXFileReference; lastKnownFileType = sourcecode.swift; path = QuakesView.swift; sourceTree = "<group>"; };
		A3FF861C2B7D18150059BAFF /* Assets.xcassets */ = {isa = PBXFileReference; lastKnownFileType = folder.assetcatalog; path = Assets.xcassets; sourceTree = "<group>"; };
		A3FF861F2B7D18150059BAFF /* Preview Assets.xcassets */ = {isa = PBXFileReference; lastKnownFileType = folder.assetcatalog; path = "Preview Assets.xcassets"; sourceTree = "<group>"; };
		A3FF86262B7D182B0059BAFF /* Quake.swift */ = {isa = PBXFileReference; lastKnownFileType = sourcecode.swift; path = Quake.swift; sourceTree = "<group>"; };
		A3FF86282B7D19DB0059BAFF /* QuakeError.swift */ = {isa = PBXFileReference; lastKnownFileType = sourcecode.swift; path = QuakeError.swift; sourceTree = "<group>"; };
/* End PBXFileReference section */

/* Begin PBXFrameworksBuildPhase section */
		A33194492B7D1C030053B506 /* Frameworks */ = {
			isa = PBXFrameworksBuildPhase;
			buildActionMask = 2147483647;
			files = (
			);
			runOnlyForDeploymentPostprocessing = 0;
		};
		A3FF86122B7D18140059BAFF /* Frameworks */ = {
			isa = PBXFrameworksBuildPhase;
			buildActionMask = 2147483647;
			files = (
			);
			runOnlyForDeploymentPostprocessing = 0;
		};
/* End PBXFrameworksBuildPhase section */

/* Begin PBXGroup section */
		A33194472B7D1BC40053B506 /* Models */ = {
			isa = PBXGroup;
			children = (
				A33194572B7D1EC50053B506 /* GeoJSON.swift */,
				A3FF86262B7D182B0059BAFF /* Quake.swift */,
				A3FF86282B7D19DB0059BAFF /* QuakeError.swift */,
			);
			path = Models;
			sourceTree = "<group>";
		};
		A331944D2B7D1C030053B506 /* EarthquakesTests */ = {
			isa = PBXGroup;
			children = (
				A331944E2B7D1C030053B506 /* EarthquakesTests.swift */,
			);
			path = EarthquakesTests;
			sourceTree = "<group>";
		};
		A33194682B7D71EE0053B506 /* Views */ = {
			isa = PBXGroup;
			children = (
				A3FF861A2B7D18140059BAFF /* QuakesView.swift */,
			);
			path = Views;
			sourceTree = "<group>";
		};
		A33194692B7D71F90053B506 /* App */ = {
			isa = PBXGroup;
			children = (
				A3FF86182B7D18140059BAFF /* EarthquakesApp.swift */,
			);
			path = App;
			sourceTree = "<group>";
		};
		A331946A2B7D72030053B506 /* Resources */ = {
			isa = PBXGroup;
			children = (
				A3FF861C2B7D18150059BAFF /* Assets.xcassets */,
			);
			path = Resources;
			sourceTree = "<group>";
		};
		A331946B2B7D72320053B506 /* Services */ = {
			isa = PBXGroup;
			children = (
				A33194592B7D22960053B506 /* QuakeLocation.swift */,
			);
			path = Services;
			sourceTree = "<group>";
		};
		A331946C2B7D724E0053B506 /* Providers */ = {
			isa = PBXGroup;
			children = (
				A33194662B7D2EBE0053B506 /* QuakesProvider.swift */,
			);
			path = Providers;
			sourceTree = "<group>";
		};
		A331946D2B7D72780053B506 /* Network */ = {
			isa = PBXGroup;
			children = (
				A331945B2B7D29A90053B506 /* HTTPDataDownloader.swift */,
				A331945D2B7D2B530053B506 /* QuakeClient.swift */,
			);
			path = Network;
			sourceTree = "<group>";
		};
		A3FF860C2B7D18140059BAFF = {
			isa = PBXGroup;
			children = (
				A3FF86172B7D18140059BAFF /* Earthquakes */,
				A331944D2B7D1C030053B506 /* EarthquakesTests */,
				A3FF86162B7D18140059BAFF /* Products */,
			);
			sourceTree = "<group>";
		};
		A3FF86162B7D18140059BAFF /* Products */ = {
			isa = PBXGroup;
			children = (
				A3FF86152B7D18140059BAFF /* Earthquakes.app */,
				A331944C2B7D1C030053B506 /* EarthquakesTests.xctest */,
			);
			name = Products;
			sourceTree = "<group>";
		};
		A3FF86172B7D18140059BAFF /* Earthquakes */ = {
			isa = PBXGroup;
			children = (
				A33194692B7D71F90053B506 /* App */,
				A33194472B7D1BC40053B506 /* Models */,
				A331946D2B7D72780053B506 /* Network */,
				A3FF861E2B7D18150059BAFF /* Preview Content */,
				A331946C2B7D724E0053B506 /* Providers */,
				A331946A2B7D72030053B506 /* Resources */,
				A331946B2B7D72320053B506 /* Services */,
				A33194682B7D71EE0053B506 /* Views */,
			);
			path = Earthquakes;
			sourceTree = "<group>";
		};
		A3FF861E2B7D18150059BAFF /* Preview Content */ = {
			isa = PBXGroup;
			children = (
				A33194552B7D1C810053B506 /* TestData.swift */,
				A33194612B7D2C590053B506 /* TestDownloader.swift */,
				A3FF861F2B7D18150059BAFF /* Preview Assets.xcassets */,
			);
			path = "Preview Content";
			sourceTree = "<group>";
		};
/* End PBXGroup section */

/* Begin PBXNativeTarget section */
		A331944B2B7D1C030053B506 /* EarthquakesTests */ = {
			isa = PBXNativeTarget;
			buildConfigurationList = A33194522B7D1C040053B506 /* Build configuration list for PBXNativeTarget "EarthquakesTests" */;
			buildPhases = (
				A33194482B7D1C030053B506 /* Sources */,
				A33194492B7D1C030053B506 /* Frameworks */,
				A331944A2B7D1C030053B506 /* Resources */,
			);
			buildRules = (
			);
			dependencies = (
				A33194512B7D1C030053B506 /* PBXTargetDependency */,
			);
			name = EarthquakesTests;
			productName = EarthquakesTests;
			productReference = A331944C2B7D1C030053B506 /* EarthquakesTests.xctest */;
			productType = "com.apple.product-type.bundle.unit-test";
		};
		A3FF86142B7D18140059BAFF /* Earthquakes */ = {
			isa = PBXNativeTarget;
			buildConfigurationList = A3FF86232B7D18150059BAFF /* Build configuration list for PBXNativeTarget "Earthquakes" */;
			buildPhases = (
				A3FF86112B7D18140059BAFF /* Sources */,
				A3FF86122B7D18140059BAFF /* Frameworks */,
				A3FF86132B7D18140059BAFF /* Resources */,
			);
			buildRules = (
			);
			dependencies = (
			);
			name = Earthquakes;
			productName = Earthquakes;
			productReference = A3FF86152B7D18140059BAFF /* Earthquakes.app */;
			productType = "com.apple.product-type.application";
		};
/* End PBXNativeTarget section */

/* Begin PBXProject section */
		A3FF860D2B7D18140059BAFF /* Project object */ = {
			isa = PBXProject;
			attributes = {
				BuildIndependentTargetsInParallel = 1;
				LastSwiftUpdateCheck = 1520;
				LastUpgradeCheck = 1520;
				TargetAttributes = {
					A331944B2B7D1C030053B506 = {
						CreatedOnToolsVersion = 15.2;
						TestTargetID = A3FF86142B7D18140059BAFF;
					};
					A3FF86142B7D18140059BAFF = {
						CreatedOnToolsVersion = 15.2;
					};
				};
			};
			buildConfigurationList = A3FF86102B7D18140059BAFF /* Build configuration list for PBXProject "Earthquakes" */;
			compatibilityVersion = "Xcode 14.0";
			developmentRegion = en;
			hasScannedForEncodings = 0;
			knownRegions = (
				en,
				Base,
			);
			mainGroup = A3FF860C2B7D18140059BAFF;
			productRefGroup = A3FF86162B7D18140059BAFF /* Products */;
			projectDirPath = "";
			projectRoot = "";
			targets = (
				A3FF86142B7D18140059BAFF /* Earthquakes */,
				A331944B2B7D1C030053B506 /* EarthquakesTests */,
			);
		};
/* End PBXProject section */

/* Begin PBXResourcesBuildPhase section */
		A331944A2B7D1C030053B506 /* Resources */ = {
			isa = PBXResourcesBuildPhase;
			buildActionMask = 2147483647;
			files = (
			);
			runOnlyForDeploymentPostprocessing = 0;
		};
		A3FF86132B7D18140059BAFF /* Resources */ = {
			isa = PBXResourcesBuildPhase;
			buildActionMask = 2147483647;
			files = (
				A3FF86202B7D18150059BAFF /* Preview Assets.xcassets in Resources */,
				A3FF861D2B7D18150059BAFF /* Assets.xcassets in Resources */,
			);
			runOnlyForDeploymentPostprocessing = 0;
		};
/* End PBXResourcesBuildPhase section */

/* Begin PBXSourcesBuildPhase section */
		A33194482B7D1C030053B506 /* Sources */ = {
			isa = PBXSourcesBuildPhase;
			buildActionMask = 2147483647;
			files = (
				A331944F2B7D1C030053B506 /* EarthquakesTests.swift in Sources */,
			);
			runOnlyForDeploymentPostprocessing = 0;
		};
		A3FF86112B7D18140059BAFF /* Sources */ = {
			isa = PBXSourcesBuildPhase;
			buildActionMask = 2147483647;
			files = (
				A33194672B7D2EBE0053B506 /* QuakesProvider.swift in Sources */,
				A331945F2B7D2C340053B506 /* TestData.swift in Sources */,
				A33194582B7D1EC50053B506 /* GeoJSON.swift in Sources */,
				A331945C2B7D29A90053B506 /* HTTPDataDownloader.swift in Sources */,
				A331945E2B7D2B530053B506 /* QuakeClient.swift in Sources */,
				A3FF86292B7D19DB0059BAFF /* QuakeError.swift in Sources */,
				A331945A2B7D22960053B506 /* QuakeLocation.swift in Sources */,
				A33194622B7D2C590053B506 /* TestDownloader.swift in Sources */,
				A3FF861B2B7D18140059BAFF /* QuakesView.swift in Sources */,
				A3FF86272B7D182B0059BAFF /* Quake.swift in Sources */,
				A3FF86192B7D18140059BAFF /* EarthquakesApp.swift in Sources */,
			);
			runOnlyForDeploymentPostprocessing = 0;
		};
/* End PBXSourcesBuildPhase section */

/* Begin PBXTargetDependency section */
		A33194512B7D1C030053B506 /* PBXTargetDependency */ = {
			isa = PBXTargetDependency;
			target = A3FF86142B7D18140059BAFF /* Earthquakes */;
			targetProxy = A33194502B7D1C030053B506 /* PBXContainerItemProxy */;
		};
/* End PBXTargetDependency section */

/* Begin XCBuildConfiguration section */
		A33194532B7D1C040053B506 /* Debug */ = {
			isa = XCBuildConfiguration;
			buildSettings = {
				BUNDLE_LOADER = "$(TEST_HOST)";
				CODE_SIGN_STYLE = Automatic;
				CURRENT_PROJECT_VERSION = 1;
				DEVELOPMENT_TEAM = NF5X2BH93G;
				GENERATE_INFOPLIST_FILE = YES;
				MARKETING_VERSION = 1.0;
				PRODUCT_BUNDLE_IDENTIFIER = ru.yanmoroz.EarthquakesTests;
				PRODUCT_NAME = "$(TARGET_NAME)";
				SWIFT_EMIT_LOC_STRINGS = NO;
				SWIFT_VERSION = 5.0;
				TARGETED_DEVICE_FAMILY = "1,2";
				TEST_HOST = "$(BUILT_PRODUCTS_DIR)/Earthquakes.app/$(BUNDLE_EXECUTABLE_FOLDER_PATH)/Earthquakes";
			};
			name = Debug;
		};
		A33194542B7D1C040053B506 /* Release */ = {
			isa = XCBuildConfiguration;
			buildSettings = {
				BUNDLE_LOADER = "$(TEST_HOST)";
				CODE_SIGN_STYLE = Automatic;
				CURRENT_PROJECT_VERSION = 1;
				DEVELOPMENT_TEAM = NF5X2BH93G;
				GENERATE_INFOPLIST_FILE = YES;
				MARKETING_VERSION = 1.0;
				PRODUCT_BUNDLE_IDENTIFIER = ru.yanmoroz.EarthquakesTests;
				PRODUCT_NAME = "$(TARGET_NAME)";
				SWIFT_EMIT_LOC_STRINGS = NO;
				SWIFT_VERSION = 5.0;
				TARGETED_DEVICE_FAMILY = "1,2";
				TEST_HOST = "$(BUILT_PRODUCTS_DIR)/Earthquakes.app/$(BUNDLE_EXECUTABLE_FOLDER_PATH)/Earthquakes";
			};
			name = Release;
		};
		A3FF86212B7D18150059BAFF /* Debug */ = {
			isa = XCBuildConfiguration;
			buildSettings = {
				ALWAYS_SEARCH_USER_PATHS = NO;
				ASSETCATALOG_COMPILER_GENERATE_SWIFT_ASSET_SYMBOL_EXTENSIONS = YES;
				CLANG_ANALYZER_NONNULL = YES;
				CLANG_ANALYZER_NUMBER_OBJECT_CONVERSION = YES_AGGRESSIVE;
				CLANG_CXX_LANGUAGE_STANDARD = "gnu++20";
				CLANG_ENABLE_MODULES = YES;
				CLANG_ENABLE_OBJC_ARC = YES;
				CLANG_ENABLE_OBJC_WEAK = YES;
				CLANG_WARN_BLOCK_CAPTURE_AUTORELEASING = YES;
				CLANG_WARN_BOOL_CONVERSION = YES;
				CLANG_WARN_COMMA = YES;
				CLANG_WARN_CONSTANT_CONVERSION = YES;
				CLANG_WARN_DEPRECATED_OBJC_IMPLEMENTATIONS = YES;
				CLANG_WARN_DIRECT_OBJC_ISA_USAGE = YES_ERROR;
				CLANG_WARN_DOCUMENTATION_COMMENTS = YES;
				CLANG_WARN_EMPTY_BODY = YES;
				CLANG_WARN_ENUM_CONVERSION = YES;
				CLANG_WARN_INFINITE_RECURSION = YES;
				CLANG_WARN_INT_CONVERSION = YES;
				CLANG_WARN_NON_LITERAL_NULL_CONVERSION = YES;
				CLANG_WARN_OBJC_IMPLICIT_RETAIN_SELF = YES;
				CLANG_WARN_OBJC_LITERAL_CONVERSION = YES;
				CLANG_WARN_OBJC_ROOT_CLASS = YES_ERROR;
				CLANG_WARN_QUOTED_INCLUDE_IN_FRAMEWORK_HEADER = YES;
				CLANG_WARN_RANGE_LOOP_ANALYSIS = YES;
				CLANG_WARN_STRICT_PROTOTYPES = YES;
				CLANG_WARN_SUSPICIOUS_MOVE = YES;
				CLANG_WARN_UNGUARDED_AVAILABILITY = YES_AGGRESSIVE;
				CLANG_WARN_UNREACHABLE_CODE = YES;
				CLANG_WARN__DUPLICATE_METHOD_MATCH = YES;
				COPY_PHASE_STRIP = NO;
				DEBUG_INFORMATION_FORMAT = dwarf;
				ENABLE_STRICT_OBJC_MSGSEND = YES;
				ENABLE_TESTABILITY = YES;
				ENABLE_USER_SCRIPT_SANDBOXING = YES;
				GCC_C_LANGUAGE_STANDARD = gnu17;
				GCC_DYNAMIC_NO_PIC = NO;
				GCC_NO_COMMON_BLOCKS = YES;
				GCC_OPTIMIZATION_LEVEL = 0;
				GCC_PREPROCESSOR_DEFINITIONS = (
					"DEBUG=1",
					"$(inherited)",
				);
				GCC_WARN_64_TO_32_BIT_CONVERSION = YES;
				GCC_WARN_ABOUT_RETURN_TYPE = YES_ERROR;
				GCC_WARN_UNDECLARED_SELECTOR = YES;
				GCC_WARN_UNINITIALIZED_AUTOS = YES_AGGRESSIVE;
				GCC_WARN_UNUSED_FUNCTION = YES;
				GCC_WARN_UNUSED_VARIABLE = YES;
				IPHONEOS_DEPLOYMENT_TARGET = 17.2;
				LOCALIZATION_PREFERS_STRING_CATALOGS = YES;
				MTL_ENABLE_DEBUG_INFO = INCLUDE_SOURCE;
				MTL_FAST_MATH = YES;
				ONLY_ACTIVE_ARCH = YES;
				SDKROOT = iphoneos;
				SWIFT_ACTIVE_COMPILATION_CONDITIONS = "DEBUG $(inherited)";
				SWIFT_OPTIMIZATION_LEVEL = "-Onone";
			};
			name = Debug;
		};
		A3FF86222B7D18150059BAFF /* Release */ = {
			isa = XCBuildConfiguration;
			buildSettings = {
				ALWAYS_SEARCH_USER_PATHS = NO;
				ASSETCATALOG_COMPILER_GENERATE_SWIFT_ASSET_SYMBOL_EXTENSIONS = YES;
				CLANG_ANALYZER_NONNULL = YES;
				CLANG_ANALYZER_NUMBER_OBJECT_CONVERSION = YES_AGGRESSIVE;
				CLANG_CXX_LANGUAGE_STANDARD = "gnu++20";
				CLANG_ENABLE_MODULES = YES;
				CLANG_ENABLE_OBJC_ARC = YES;
				CLANG_ENABLE_OBJC_WEAK = YES;
				CLANG_WARN_BLOCK_CAPTURE_AUTORELEASING = YES;
				CLANG_WARN_BOOL_CONVERSION = YES;
				CLANG_WARN_COMMA = YES;
				CLANG_WARN_CONSTANT_CONVERSION = YES;
				CLANG_WARN_DEPRECATED_OBJC_IMPLEMENTATIONS = YES;
				CLANG_WARN_DIRECT_OBJC_ISA_USAGE = YES_ERROR;
				CLANG_WARN_DOCUMENTATION_COMMENTS = YES;
				CLANG_WARN_EMPTY_BODY = YES;
				CLANG_WARN_ENUM_CONVERSION = YES;
				CLANG_WARN_INFINITE_RECURSION = YES;
				CLANG_WARN_INT_CONVERSION = YES;
				CLANG_WARN_NON_LITERAL_NULL_CONVERSION = YES;
				CLANG_WARN_OBJC_IMPLICIT_RETAIN_SELF = YES;
				CLANG_WARN_OBJC_LITERAL_CONVERSION = YES;
				CLANG_WARN_OBJC_ROOT_CLASS = YES_ERROR;
				CLANG_WARN_QUOTED_INCLUDE_IN_FRAMEWORK_HEADER = YES;
				CLANG_WARN_RANGE_LOOP_ANALYSIS = YES;
				CLANG_WARN_STRICT_PROTOTYPES = YES;
				CLANG_WARN_SUSPICIOUS_MOVE = YES;
				CLANG_WARN_UNGUARDED_AVAILABILITY = YES_AGGRESSIVE;
				CLANG_WARN_UNREACHABLE_CODE = YES;
				CLANG_WARN__DUPLICATE_METHOD_MATCH = YES;
				COPY_PHASE_STRIP = NO;
				DEBUG_INFORMATION_FORMAT = "dwarf-with-dsym";
				ENABLE_NS_ASSERTIONS = NO;
				ENABLE_STRICT_OBJC_MSGSEND = YES;
				ENABLE_USER_SCRIPT_SANDBOXING = YES;
				GCC_C_LANGUAGE_STANDARD = gnu17;
				GCC_NO_COMMON_BLOCKS = YES;
				GCC_WARN_64_TO_32_BIT_CONVERSION = YES;
				GCC_WARN_ABOUT_RETURN_TYPE = YES_ERROR;
				GCC_WARN_UNDECLARED_SELECTOR = YES;
				GCC_WARN_UNINITIALIZED_AUTOS = YES_AGGRESSIVE;
				GCC_WARN_UNUSED_FUNCTION = YES;
				GCC_WARN_UNUSED_VARIABLE = YES;
				IPHONEOS_DEPLOYMENT_TARGET = 17.2;
				LOCALIZATION_PREFERS_STRING_CATALOGS = YES;
				MTL_ENABLE_DEBUG_INFO = NO;
				MTL_FAST_MATH = YES;
				SDKROOT = iphoneos;
				SWIFT_COMPILATION_MODE = wholemodule;
				VALIDATE_PRODUCT = YES;
			};
			name = Release;
		};
		A3FF86242B7D18150059BAFF /* Debug */ = {
			isa = XCBuildConfiguration;
			buildSettings = {
				ASSETCATALOG_COMPILER_APPICON_NAME = AppIcon;
				ASSETCATALOG_COMPILER_GLOBAL_ACCENT_COLOR_NAME = AccentColor;
				CODE_SIGN_STYLE = Automatic;
				CURRENT_PROJECT_VERSION = 1;
				DEVELOPMENT_ASSET_PATHS = "\"Earthquakes/Preview Content\"";
				DEVELOPMENT_TEAM = NF5X2BH93G;
				ENABLE_PREVIEWS = YES;
				GENERATE_INFOPLIST_FILE = YES;
				INFOPLIST_KEY_UIApplicationSceneManifest_Generation = YES;
				INFOPLIST_KEY_UIApplicationSupportsIndirectInputEvents = YES;
				INFOPLIST_KEY_UILaunchScreen_Generation = YES;
				INFOPLIST_KEY_UISupportedInterfaceOrientations_iPad = "UIInterfaceOrientationPortrait UIInterfaceOrientationPortraitUpsideDown UIInterfaceOrientationLandscapeLeft UIInterfaceOrientationLandscapeRight";
				INFOPLIST_KEY_UISupportedInterfaceOrientations_iPhone = "UIInterfaceOrientationPortrait UIInterfaceOrientationLandscapeLeft UIInterfaceOrientationLandscapeRight";
				LD_RUNPATH_SEARCH_PATHS = (
					"$(inherited)",
					"@executable_path/Frameworks",
				);
				MARKETING_VERSION = 1.0;
				PRODUCT_BUNDLE_IDENTIFIER = ru.yanmoroz.Earthquakes;
				PRODUCT_NAME = "$(TARGET_NAME)";
				SWIFT_EMIT_LOC_STRINGS = YES;
				SWIFT_VERSION = 5.0;
				TARGETED_DEVICE_FAMILY = "1,2";
			};
			name = Debug;
		};
		A3FF86252B7D18150059BAFF /* Release */ = {
			isa = XCBuildConfiguration;
			buildSettings = {
				ASSETCATALOG_COMPILER_APPICON_NAME = AppIcon;
				ASSETCATALOG_COMPILER_GLOBAL_ACCENT_COLOR_NAME = AccentColor;
				CODE_SIGN_STYLE = Automatic;
				CURRENT_PROJECT_VERSION = 1;
				DEVELOPMENT_ASSET_PATHS = "\"Earthquakes/Preview Content\"";
				DEVELOPMENT_TEAM = NF5X2BH93G;
				ENABLE_PREVIEWS = YES;
				GENERATE_INFOPLIST_FILE = YES;
				INFOPLIST_KEY_UIApplicationSceneManifest_Generation = YES;
				INFOPLIST_KEY_UIApplicationSupportsIndirectInputEvents = YES;
				INFOPLIST_KEY_UILaunchScreen_Generation = YES;
				INFOPLIST_KEY_UISupportedInterfaceOrientations_iPad = "UIInterfaceOrientationPortrait UIInterfaceOrientationPortraitUpsideDown UIInterfaceOrientationLandscapeLeft UIInterfaceOrientationLandscapeRight";
				INFOPLIST_KEY_UISupportedInterfaceOrientations_iPhone = "UIInterfaceOrientationPortrait UIInterfaceOrientationLandscapeLeft UIInterfaceOrientationLandscapeRight";
				LD_RUNPATH_SEARCH_PATHS = (
					"$(inherited)",
					"@executable_path/Frameworks",
				);
				MARKETING_VERSION = 1.0;
				PRODUCT_BUNDLE_IDENTIFIER = ru.yanmoroz.Earthquakes;
				PRODUCT_NAME = "$(TARGET_NAME)";
				SWIFT_EMIT_LOC_STRINGS = YES;
				SWIFT_VERSION = 5.0;
				TARGETED_DEVICE_FAMILY = "1,2";
			};
			name = Release;
		};
/* End XCBuildConfiguration section */

/* Begin XCConfigurationList section */
		A33194522B7D1C040053B506 /* Build configuration list for PBXNativeTarget "EarthquakesTests" */ = {
			isa = XCConfigurationList;
			buildConfigurations = (
				A33194532B7D1C040053B506 /* Debug */,
				A33194542B7D1C040053B506 /* Release */,
			);
			defaultConfigurationIsVisible = 0;
			defaultConfigurationName = Release;
		};
		A3FF86102B7D18140059BAFF /* Build configuration list for PBXProject "Earthquakes" */ = {
			isa = XCConfigurationList;
			buildConfigurations = (
				A3FF86212B7D18150059BAFF /* Debug */,
				A3FF86222B7D18150059BAFF /* Release */,
			);
			defaultConfigurationIsVisible = 0;
			defaultConfigurationName = Release;
		};
		A3FF86232B7D18150059BAFF /* Build configuration list for PBXNativeTarget "Earthquakes" */ = {
			isa = XCConfigurationList;
			buildConfigurations = (
				A3FF86242B7D18150059BAFF /* Debug */,
				A3FF86252B7D18150059BAFF /* Release */,
			);
			defaultConfigurationIsVisible = 0;
			defaultConfigurationName = Release;
		};
/* End XCConfigurationList section */
	};
	rootObject = A3FF860D2B7D18140059BAFF /* Project object */;
}
